# filename  sha256  source (google/fonts pinned at commit 23e54b51ddffbc7713c583748e3bd86f62b1fa4a)
Rye-Regular.ttf b7edee5e615ae1b6b07e9d030c1309152bf3672a0e8a2a46293e273730f5adba ofl/rye/Rye-Regular.ttf
Sancreek-Regular.ttf 8f87c42f6e6ba97125cd975c3d7d48902fc227d805948e678d5293a300e3fe55 ofl/sancreek/Sancreek-Regular.ttf
SpecialElite-Regular.ttf a776fcb4ceb8bdf03e2967688ebdad42680de5b91a7e62c17e718ae212d14bc4 apache/specialelite/SpecialElite-Regular.ttf
IMFellEnglishSC-Regular.ttf 102324fb5434bb5da7963533426b0ad44c85bbc9e7755067535c9d11464a176b ofl/imfellenglishsc/IMFeENsc28P.ttf
IMFellDWPica-Regular.ttf f65e54016dfab4222ba552cfb82260b14a7df6527cce66430f5f66022addb052 ofl/imfelldwpica/IMFePIrm28P.ttf
IMFellDWPica-Italic.ttf e09a00654b5dd266aee743c0c43d129c8404a2d5e0ebf27e5a0e472bd1900b8d ofl/imfelldwpica/IMFePIit28P.ttf
